
Microsoft Visual Studio Solution File, Format Version 12.00
# Visual Studio Version 17
VisualStudioVersion = 17.8.34330.188
MinimumVisualStudioVersion = 10.0.40219.1
Project("{FAE04EC0-301F-11D3-BF4B-00C04F79EFBC}") = "WebApplicationMVC", "WebApplicationMVC\WebApplicationMVC.csproj", "{326630DD-7C33-44B3-B2B7-77217E6A5A98}"
EndProject
Global
	GlobalSection(SolutionConfigurationPlatforms) = preSolution
		Debug|Any CPU = Debug|Any CPU
		Release|Any CPU = Release|Any CPU
	EndGlobalSection
	GlobalSection(ProjectConfigurationPlatforms) = postSolution
		{326630DD-7C33-44B3-B2B7-77217E6A5A98}.Debug|Any CPU.ActiveCfg = Debug|Any CPU
		{326630DD-7C33-44B3-B2B7-77217E6A5A98}.Debug|Any CPU.Build.0 = Debug|Any CPU
		{326630DD-7C33-44B3-B2B7-77217E6A5A98}.Release|Any CPU.ActiveCfg = Release|Any CPU
		{326630DD-7C33-44B3-B2B7-77217E6A5A98}.Release|Any CPU.Build.0 = Release|Any CPU
	EndGlobalSection
	GlobalSection(SolutionProperties) = preSolution
		HideSolutionNode = FALSE
	EndGlobalSection
	GlobalSection(ExtensibilityGlobals) = postSolution
		SolutionGuid = {2C4BAAB5-268F-4677-9AA5-EA76F057FD2A}
	EndGlobalSection
EndGlobal
